
Microsoft Visual Studio Solution File, Format Version 12.00
# Visual Studio Version 17
VisualStudioVersion = 17.0.31919.166
MinimumVisualStudioVersion = 10.0.40219.1
Project("{9A19103F-16F7-4668-BE54-9A1E7A4F7556}") = "Apps", "Apps\Apps.csproj", "{12AA442B-4E52-4300-9FEE-948BB56046BA}"
EndProject
Project("{9A19103F-16F7-4668-BE54-9A1E7A4F7556}") = "DataStructures", "..\DataStructures\DataStructures.csproj", "{1BAAD3D8-25CD-4468-9953-F79A3A687495}"
EndProject
Project("{FAE04EC0-301F-11D3-BF4B-00C04F79EFBC}") = "CustomTypes", "CustomTypes\CustomTypes.csproj", "{3272AE7F-2FDF-4680-A605-F393C2683309}"
EndProject
Global
	GlobalSection(SolutionConfigurationPlatforms) = preSolution
		Debug|Any CPU = Debug|Any CPU
		Release|Any CPU = Release|Any CPU
	EndGlobalSection
	GlobalSection(ProjectConfigurationPlatforms) = postSolution
		{12AA442B-4E52-4300-9FEE-948BB56046BA}.Debug|Any CPU.ActiveCfg = Debug|Any CPU
		{12AA442B-4E52-4300-9FEE-948BB56046BA}.Debug|Any CPU.Build.0 = Debug|Any CPU
		{12AA442B-4E52-4300-9FEE-948BB56046BA}.Release|Any CPU.ActiveCfg = Release|Any CPU
		{12AA442B-4E52-4300-9FEE-948BB56046BA}.Release|Any CPU.Build.0 = Release|Any CPU
		{1BAAD3D8-25CD-4468-9953-F79A3A687495}.Debug|Any CPU.ActiveCfg = Debug|Any CPU
		{1BAAD3D8-25CD-4468-9953-F79A3A687495}.Debug|Any CPU.Build.0 = Debug|Any CPU
		{1BAAD3D8-25CD-4468-9953-F79A3A687495}.Release|Any CPU.ActiveCfg = Release|Any CPU
		{1BAAD3D8-25CD-4468-9953-F79A3A687495}.Release|Any CPU.Build.0 = Release|Any CPU
		{3272AE7F-2FDF-4680-A605-F393C2683309}.Debug|Any CPU.ActiveCfg = Debug|Any CPU
		{3272AE7F-2FDF-4680-A605-F393C2683309}.Debug|Any CPU.Build.0 = Debug|Any CPU
		{3272AE7F-2FDF-4680-A605-F393C2683309}.Release|Any CPU.ActiveCfg = Release|Any CPU
		{3272AE7F-2FDF-4680-A605-F393C2683309}.Release|Any CPU.Build.0 = Release|Any CPU
	EndGlobalSection
	GlobalSection(SolutionProperties) = preSolution
		HideSolutionNode = FALSE
	EndGlobalSection
	GlobalSection(ExtensibilityGlobals) = postSolution
		SolutionGuid = {3551AD39-E459-47C6-AA8C-93E456FEA9B1}
	EndGlobalSection
EndGlobal
